
Microsoft Visual Studio Solution File, Format Version 12.00
# Visual Studio 14
VisualStudioVersion = 14.0.23107.0
MinimumVisualStudioVersion = 10.0.40219.1
Project("{FAE04EC0-301F-11D3-BF4B-00C04F79EFBC}") = "WelcomeToAngular", "WelcomeToAngular\WelcomeToAngular.csproj", "{39AFCB5B-C6D4-462A-901B-57B0166EA1F5}"
EndProject
Global
	GlobalSection(SolutionConfigurationPlatforms) = preSolution
		Debug|Any CPU = Debug|Any CPU
		Release|Any CPU = Release|Any CPU
	EndGlobalSection
	GlobalSection(ProjectConfigurationPlatforms) = postSolution
		{39AFCB5B-C6D4-462A-901B-57B0166EA1F5}.Debug|Any CPU.ActiveCfg = Debug|Any CPU
		{39AFCB5B-C6D4-462A-901B-57B0166EA1F5}.Debug|Any CPU.Build.0 = Debug|Any CPU
		{39AFCB5B-C6D4-462A-901B-57B0166EA1F5}.Release|Any CPU.ActiveCfg = Release|Any CPU
		{39AFCB5B-C6D4-462A-901B-57B0166EA1F5}.Release|Any CPU.Build.0 = Release|Any CPU
	EndGlobalSection
	GlobalSection(SolutionProperties) = preSolution
		HideSolutionNode = FALSE
	EndGlobalSection
EndGlobal
